expat 2.7.1 linux aarch64 expat-2.7.1-linux-aarch64-5502357ff9bd.7z 165b575d3d6dcf7a6907f8602a737027358495269e25a2ce0fa5d1c7e1432bb6 deps-20260612-111800
expat 2.7.1 linux x86_64 expat-2.7.1-linux-x86_64-f02df734b38d.7z 279987692a8266ef42a00772e12bf419a75203937246c09cd266c3e093378839 deps-20260612-111800
expat 2.7.1 macos universal expat-2.7.1-macos-universal-a600e7efee39.7z cddd2e80f867bc6e6036cb9ad9aca63155fce085138edd9d44c76204926579a0 deps-20260612-111800
expat 2.7.1 windows aarch64 expat-2.7.1-windows-aarch64-441af6321b99.7z d076f22cd7f2c36d36731748d4a54635dd2d257eeec5645401e64b8ddf55cb9a deps-20260612-111800
expat 2.7.1 windows x86_64 expat-2.7.1-windows-x86_64-4f513d5c862c.7z 365833c374a6beffbaf2a67b8fcc5e48fcc3e538b1ec3b8fe86b32bdd9ea6689 deps-20260612-111800
flac 1.4.3 linux aarch64 flac-1.4.3-linux-aarch64-24062cf9ed79.7z 5128ae44823c74d57551bdd801ced14b772bc4d05f36c851e8591dd9d87e21a3 deps-20260612-111800
flac 1.4.3 linux x86_64 flac-1.4.3-linux-x86_64-b56ca6f6d537.7z 3d4f29c7fe3a3cb4a1684cc4b3b38ae3961aae8483ce1836c1bfd18358217b1f deps-20260612-111800
flac 1.4.3 macos universal flac-1.4.3-macos-universal-49f32dc1489d.7z 8af7f4bcf9a09c1db310d4cc87cc94a30640e2e6484541abc1088509336e08cb deps-20260612-111800
flac 1.4.3 windows aarch64 flac-1.4.3-windows-aarch64-f6899617325d.7z 67b4d5d19d757486390043ffae4d5ebe6a186209cb74648ecd58e281f27970e7 deps-20260612-111800
flac 1.4.3 windows x86_64 flac-1.4.3-windows-x86_64-a7bb580b494d.7z a150a0e5aea543e980249be3770afd0280a3bdf7abe7d5013eba7f810a6a8d25 deps-20260612-111800
libmp3lame 3.100 linux aarch64 libmp3lame-3.100-linux-aarch64-0274c8037339.7z fb476cd60dca120de701251b46899cb3f88dc7b1903e1f2923ac250adc117d22 deps-20260612-111800
libmp3lame 3.100 linux x86_64 libmp3lame-3.100-linux-x86_64-ac49b7a20ae1.7z 8d1274fee8f4b818240a169f6e0408e9b0ea0f8996ec852ed0ac94f9f6b34c5c deps-20260612-111800
libmp3lame 3.100 macos universal libmp3lame-3.100-macos-universal-75b351ef205a.7z 67940c81d373f043fb4c6c1c45e19718a898b626046aa733d3c5b5cc5e97475a deps-20260612-111800
libmp3lame 3.100 windows aarch64 libmp3lame-3.100-windows-aarch64-88c879be5ce5.7z 4c0c9c7b2328375554faae804ab605793e3892ce8e4f5e94ff3be911c2e1d455 deps-20260612-111800
libmp3lame 3.100 windows x86_64 libmp3lame-3.100-windows-x86_64-9c6e24d26879.7z f0232753ac96e3ced4390b395a3910ea4538269c219d2094e27bd2f10bd23026 deps-20260612-111800
libsndfile 1.2.2 linux aarch64 libsndfile-1.2.2-linux-aarch64-dc370c6a7bc0.7z 861e113f818e3a603e994554a1276f739a18c1e060d2f704f8454426c00d7782 deps-20260612-111800
libsndfile 1.2.2 linux x86_64 libsndfile-1.2.2-linux-x86_64-50bb3aaab6a9.7z fe2867a503e248e6d8c892eb841068dae11b249e1434f2f155d1c46bcb1366ea deps-20260612-111800
libsndfile 1.2.2 macos universal libsndfile-1.2.2-macos-universal-8fc3e262e8f1.7z 48333c1c3234a7522e2178f50b5a939777ed534ff414e3b378c4112a4b08cd5b deps-20260612-111800
libsndfile 1.2.2 windows aarch64 libsndfile-1.2.2-windows-aarch64-f3da4bebfa52.7z 08b35946cba3503c8686774d0d42bef5b59b5953c20e2650d24c2913fa7725a5 deps-20260612-111800
libsndfile 1.2.2 windows x86_64 libsndfile-1.2.2-windows-x86_64-5b2311230689.7z 239911b527dc6ba4f0e412a50d639d4ca9be86069a9f82aaa5764752e053d2b6 deps-20260612-111800
mpg123 1.32.10 linux aarch64 mpg123-1.32.10-linux-aarch64-d14c0f381651.7z ac4140c20038917d3da53aca5dfa79429bcdbe79dd671b1c227a3a003961fded deps-20260612-111800
mpg123 1.32.10 linux x86_64 mpg123-1.32.10-linux-x86_64-40718f357ce7.7z 3e68fc3eb76eaf5bc188f458a724b69b9e7eae92ad92e4dbf13405c20481c761 deps-20260612-111800
mpg123 1.32.10 macos universal mpg123-1.32.10-macos-universal-34c56ba80a23.7z 4bd0d56b937cea31e299f4621eca427ab096635d2888e5d1a4101bd87d01ec9b deps-20260612-111800
mpg123 1.32.10 windows aarch64 mpg123-1.32.10-windows-aarch64-e9852ee1db17.7z a1054964434a1434191a8ef34385b00c0f35022ff529c8a2e0a5d96c779717f0 deps-20260612-111800
mpg123 1.32.10 windows x86_64 mpg123-1.32.10-windows-x86_64-8b8f7e4bc5e4.7z debe6d20db066e2265f0295844a96c999e5866b647c754df436b09c5d1363797 deps-20260612-111800
ogg 1.3.5 linux aarch64 ogg-1.3.5-linux-aarch64-94f4a158d9c4.7z 780faca2891c669e28ceec636700b72bfde7dab200812f3e7fac3330eba2a770 deps-20260612-111800
ogg 1.3.5 linux x86_64 ogg-1.3.5-linux-x86_64-327d17d0c5bf.7z c539f7905bfbb46710bd0322a4578b7d714d807c45184b0651639690baa59af3 deps-20260612-111800
ogg 1.3.5 macos universal ogg-1.3.5-macos-universal-5b1cb2bfdb41.7z c6b3bd044b514786403032109c4d69f3234d92ff291e44a453a794ab1c34a65e deps-20260612-111800
ogg 1.3.5 windows aarch64 ogg-1.3.5-windows-aarch64-d18161595f8d.7z 5386e793c8f58f336844df4e0cc85276dff769d8673f1a73bf316640d26ca4f8 deps-20260612-111800
ogg 1.3.5 windows x86_64 ogg-1.3.5-windows-x86_64-18b703f17bd7.7z b73feda12fee5b0f5e54c0705431bf5209050a9014592789c31b4f207aef5239 deps-20260612-111800
opus 1.5.2 linux aarch64 opus-1.5.2-linux-aarch64-6f9af26e3ff6.7z bbc5e91077f73f5472b0af67869d70e95b9f7cf82e8c14b76380ad1a42b49265 deps-20260612-111800
opus 1.5.2 linux x86_64 opus-1.5.2-linux-x86_64-43a7dd1cb817.7z 1f67ccb5ffa5ae5a9293fe6a740239bc1f6d01b23317a724d7ca635bd7449b61 deps-20260612-111800
opus 1.5.2 macos universal opus-1.5.2-macos-universal-5953e25fa28f.7z e36af0886d0e66d51a546056a100b47821826a15560f926d3f3866a087e0b760 deps-20260612-111800
opus 1.5.2 windows aarch64 opus-1.5.2-windows-aarch64-4f4585b5e00b.7z ccf32bdaf7650e81c25875c2378f35d6e9d0c658516062a2d95dd8e622a84d64 deps-20260612-111800
opus 1.5.2 windows x86_64 opus-1.5.2-windows-x86_64-a5f9e0424569.7z 3d04eeed5c6d6cfcbc0595b28c4c83c4f8d76d9a21c9430cfce2e920a7e02155 deps-20260612-111800
opusfile 0.12 linux aarch64 opusfile-0.12-linux-aarch64-f6dc876b561b.7z 84eda91287edf9946e02db8a0a509e1ce95f2993e325f8f0dbf6ebc49e65ad7a deps-20260612-111800
opusfile 0.12 linux x86_64 opusfile-0.12-linux-x86_64-81a2fe05921f.7z 34fcd852858d0eb7a51b4350b4961c2b43d1a6ea28388920cc258871adcad9a1 deps-20260612-111800
opusfile 0.12 macos universal opusfile-0.12-macos-universal-140f8a4510fa.7z 95c1cf21109b812ac55c762ecf4a98c42bd9cf1b6a7005c622db803539f09477 deps-20260612-111800
opusfile 0.12 windows aarch64 opusfile-0.12-windows-aarch64-d6096d686ad3.7z d25c61cc17e6d14ee83cfd677bfa71b08177ad47d821f2b6618208c70b768ad8 deps-20260612-111800
opusfile 0.12 windows x86_64 opusfile-0.12-windows-x86_64-24e421b5567d.7z 23676ea3f924acc25df3382c19e4f00d46ce54b2d00392c551587b9b39231c83 deps-20260612-111800
portaudio 19.7.0 linux aarch64 portaudio-19.7.0-linux-aarch64-20e394b5f371.7z e7d67ab050fc2250e061f35e0a01dd51b49df3a8b81cbb3baed90a9adf6de094 deps-20260612-111800
portaudio 19.7.0 linux x86_64 portaudio-19.7.0-linux-x86_64-3b285a251f41.7z 99fcec58b031e7434775258dfc9f41801f457ccec87b3207ddfef53a1a9400d7 deps-20260612-111800
portaudio 19.7.0 macos universal portaudio-19.7.0-macos-universal-ddc904401f1e.7z 7f4ec3910510d8064112b2378c2fd22dabc4a9b93370ef81997390a9339039fb deps-20260612-111800
portaudio 19.7.0 windows aarch64 portaudio-19.7.0-windows-aarch64-aa514d1972c7.7z a02fde2a9dc5d09020f6a2308eb9b867c2f4fe2a774b757d15a80e1a4bb18923 deps-20260612-111800
portaudio 19.7.0 windows x86_64 portaudio-19.7.0-windows-x86_64-027924ef0baa.7z e5a62b8b3df7b45afa29c27a13fbd6f9cf49d6fa462d6eca7c92b060009068b1 deps-20260612-111800
vorbis 1.3.7 linux aarch64 vorbis-1.3.7-linux-aarch64-b22ab52587f1.7z 04d4d107c739a61021dcde37ad350462ba85f5d36baa5310ddaf29e9a52ce0c2 deps-20260612-111800
vorbis 1.3.7 linux x86_64 vorbis-1.3.7-linux-x86_64-3ed9209bc720.7z d1b1ced3be498e55aea8757b94349b261cd9629dbb79b74b68afa1b3a6a4304e deps-20260612-111800
vorbis 1.3.7 macos universal vorbis-1.3.7-macos-universal-95eba9ceaa56.7z 936228202f3e0effa5fd6d4a20bfd1ff34e6a2ca4d42ccb058dd13c7c77a42be deps-20260612-111800
vorbis 1.3.7 windows aarch64 vorbis-1.3.7-windows-aarch64-6be07d094c99.7z 749f81eff281e1680ce8f706fec4bb3b6d7b2fd222fdc5bc6302aaaec26ead79 deps-20260612-111800
vorbis 1.3.7 windows x86_64 vorbis-1.3.7-windows-x86_64-e40e6897303f.7z 2ad90124f9a960901d314199b68695bbfb4f991547ed70ed4b50876ffc7c718a deps-20260612-111800
wavpack 5.7.0 linux aarch64 wavpack-5.7.0-linux-aarch64-46049878f8e7.7z d0049b8a517679aa936fde78a67a1cfca2baf456239129307502ab87808308fc deps-20260612-111800
wavpack 5.7.0 linux x86_64 wavpack-5.7.0-linux-x86_64-593fc0e38f8c.7z c989ed24933fc8c952f24401e8830224c090844ea69a55657b7349e3cc9b9f26 deps-20260612-111800
wavpack 5.7.0 macos universal wavpack-5.7.0-macos-universal-2570c0813e9c.7z 3f2321eeaa6fd424e0d25c4930c902dc8ae8b58a7a1433807ff8461e8d0e2e39 deps-20260612-111800
wavpack 5.7.0 windows aarch64 wavpack-5.7.0-windows-aarch64-be5abf089b0f.7z 031b39f6bdccf2c81a9bde523a3241175159cd5664d8da01ae0a40517475541b deps-20260612-111800
wavpack 5.7.0 windows x86_64 wavpack-5.7.0-windows-x86_64-f7da31d7bb5e.7z 7075590b8c52f7bf85afc43e18138a075598ee85e85c43f3941971915318b413 deps-20260612-111800
wxwidgets 3.2.6 linux aarch64 wxwidgets-3.2.6-linux-aarch64-8291aa7d869d.7z c2ec2ae3c2cbcbcf5bd83ff0f6acb932f49b15e63c3135169853131d90cfc0f0 deps-20260612-111800
wxwidgets 3.2.6 linux x86_64 wxwidgets-3.2.6-linux-x86_64-80971f5872fb.7z 68867b6cf35404df8574ad269c7d609acfe98d1c3f27b1a05dceaf0d18d562c2 deps-20260612-111800
wxwidgets 3.2.6 macos universal wxwidgets-3.2.6-macos-universal-7e6e8d749b5f.7z 2bacfc5c0e69edcbc120f5cdf42f6358e2d3e2b49c85662f1e82977f166d0afb deps-20260612-111800
wxwidgets 3.2.6 windows aarch64 wxwidgets-3.2.6-windows-aarch64-a381f0111097.7z 66402c777c74748d2692ff5388da19f54b7493e1457e2a5b0c49ca7d032549e9 deps-20260612-111800
wxwidgets 3.2.6 windows x86_64 wxwidgets-3.2.6-windows-x86_64-f47b29a42166.7z 6a8d64b9a32df2665355ee4c963667fe099a478adf7d4e2fa5ba35b20a91ff9e deps-20260612-111800
zlib 1.3.1 linux aarch64 zlib-1.3.1-linux-aarch64-eaed650aa4a2.7z a436d13391dc5c6e4437482ec3c1d50aaccfb6f41d1aa754d0969ee18ff4a586 deps-20260612-111800
zlib 1.3.1 linux x86_64 zlib-1.3.1-linux-x86_64-01c64fdff3ad.7z 42bd8f0f9070c9fb07b87649e6d8032d01a0b8cab41b8793ce20b16aa76daec7 deps-20260612-111800
zlib 1.3.1 macos universal zlib-1.3.1-macos-universal-760999de3fb6.7z 3a3d6cbbd79747829b836e8c1ac1cf85817c2cc5e9b9cde18dbda9afcc38abc1 deps-20260612-111800
zlib 1.3.1 windows aarch64 zlib-1.3.1-windows-aarch64-974c0125379e.7z 14cdc47537e638e955fa6d75016229095a2ac2224fe1364009de6239ec8eec35 deps-20260612-111800
zlib 1.3.1 windows x86_64 zlib-1.3.1-windows-x86_64-d53c5a0ec9c3.7z 13c6aa50f1a9462d1f23715708d92f4916626d884cf31c8dc782f169b4996a4a deps-20260612-111800
