expat 2.7.1 linux aarch64 expat-2.7.1-linux-aarch64-616af1ee715c.7z 5b4db91f6f49bbe0cdf603b517a71680a1197df340f8b1a4210bce5e3d71251f
expat 2.7.1 linux x86_64 expat-2.7.1-linux-x86_64-d03bb2fae39b.7z f5f39a205f7529516451269c8adc89617cbeb16bc1b23adf124e7012c0e2d699
expat 2.7.1 macos universal expat-2.7.1-macos-universal-2f0d7477d1ac.7z 2c527e15bc8e3d9ade38e34c8c8a8ce623f25278bf3d9ed278a72742c2d95541
expat 2.7.1 windows aarch64 expat-2.7.1-windows-aarch64-664994300d99.7z 25cb67eb9ba500c0768c06057e7114a1ed1ebc6553e0014836f20ab933775dad
expat 2.7.1 windows x86_64 expat-2.7.1-windows-x86_64-88b77a99172f.7z 389617b34f7ed4d9b888df61fc32be750a23e8bbabd7b7e394812ea43b9a6ecb
flac 1.4.3 linux aarch64 flac-1.4.3-linux-aarch64-6eec85f5b2e0.7z 866c63f1169363ccfb6c81fe9a45b955907d49e03b982a52cb7fd6d0efa7cd86
flac 1.4.3 linux x86_64 flac-1.4.3-linux-x86_64-bf5fd2e3ba9e.7z cde09de8603b1c04bab595d9d71cd55599b1b73856166db84b0695db6a9a473f
flac 1.4.3 macos universal flac-1.4.3-macos-universal-bdd8cc886c55.7z 546cff34d5d54e4b93716951e64efd6a8eb4b3dfc349ab570467e3726a2e8e2e
flac 1.4.3 windows aarch64 flac-1.4.3-windows-aarch64-ef72b19abf65.7z 29ab4d1e1a44729a7aa40c46b72d695bb18ceb58fac30ec016e752452fdbbef7
flac 1.4.3 windows x86_64 flac-1.4.3-windows-x86_64-79a3596f4775.7z baa4fe398c7246fb4467155f174800172ccece7ef7c99acd8fb2e3fcc3fecfab
libmp3lame 3.100 linux aarch64 libmp3lame-3.100-linux-aarch64-6a4dac27d087.7z 17193b5f7c8a6f67d89cac30f3a3b0b4c3b3ef98ba00bc17df81847cea6b9675
libmp3lame 3.100 linux x86_64 libmp3lame-3.100-linux-x86_64-e63aaf6b50fa.7z e7db5dab6ee44353d17cf118312aab3ea6b51bb7adb5a0293061560b014c60dc
libmp3lame 3.100 macos universal libmp3lame-3.100-macos-universal-5d91cd0d462c.7z 8beaa29530da5031e20757fd8e611ee2eb82f2b6a8171e077e8ca8406b7d716e
libmp3lame 3.100 windows aarch64 libmp3lame-3.100-windows-aarch64-fed83256a2bd.7z cb06e7e6ecc4dcab771df8fd29d143339c8f734e15de42880dcf55228ea09ac3
libmp3lame 3.100 windows x86_64 libmp3lame-3.100-windows-x86_64-3661b3bc4a90.7z a0bf417ac5863e69f17c0454f001e3d3f632364d709fe52a66e93f6527e682c0
libsndfile 1.2.2 linux aarch64 libsndfile-1.2.2-linux-aarch64-da6e6bd0e291.7z 45bc8a015d0ac08aa868d29df92cb9adf15eeb7e162919f35c95a187c9879ae2
libsndfile 1.2.2 linux x86_64 libsndfile-1.2.2-linux-x86_64-1898858b5128.7z d8d04ae01bd3360141afb1c528e3c83021ae359e6d812e02f1b276175e109ce5
libsndfile 1.2.2 macos universal libsndfile-1.2.2-macos-universal-8b58192ed982.7z 57ef6c8e41c709393ad982c9076fad8cb157367a3475626b540e2a9338a3b6a4
libsndfile 1.2.2 windows aarch64 libsndfile-1.2.2-windows-aarch64-10e586ac490f.7z 5edff1bcb6ebc484045ec2b4363418ff84f7fad89c14aa6da91bd18d3cc2cc42
libsndfile 1.2.2 windows x86_64 libsndfile-1.2.2-windows-x86_64-a773a6026dcf.7z b9e083fdc1c39fcfe7b9fe65020b269dac80598b474adb53ef12eb3efbe03381
mpg123 1.32.10 linux aarch64 mpg123-1.32.10-linux-aarch64-6012a83c6b5b.7z 31da0683f0c56ff10cdc799383775e18875cba2015ce8a9db140c412bee5fead
mpg123 1.32.10 linux x86_64 mpg123-1.32.10-linux-x86_64-471d53922c29.7z 996d66a9649a9397f2635f8d13514710c5818179e00f53bfed68921cafe190fb
mpg123 1.32.10 macos universal mpg123-1.32.10-macos-universal-57f13d4ae5c0.7z 07a9cf2a1c2e644b5737fa62fec70e30542f64455912aee6e16f394e7bc3605e
mpg123 1.32.10 windows aarch64 mpg123-1.32.10-windows-aarch64-562aad0f1dac.7z 3cffc5adfee95a122c903a1bec3d79fc40801b2d1da9f33655aa02d55d7e2308
mpg123 1.32.10 windows x86_64 mpg123-1.32.10-windows-x86_64-c931f9b0400d.7z a8c2818684f904245c4de588f407929d2aee3613140877cef9d519e8254f95c8
ogg 1.3.5 linux aarch64 ogg-1.3.5-linux-aarch64-93aa93c404f3.7z 8b87366f5a87307ec85064af6509b95a38b1dae2d2ebef5fad82829b5588f8e9
ogg 1.3.5 linux x86_64 ogg-1.3.5-linux-x86_64-2c13bacda762.7z 2816a3c78bb3eb9019e243b8c7897c601ebbf8d8c7600b7580fc72ef491a22c5
ogg 1.3.5 macos universal ogg-1.3.5-macos-universal-d4549f959219.7z c90f708ac3bf080a0001dce73e4544c58361682f4470b914a44ce84a1eccbfd4
ogg 1.3.5 windows aarch64 ogg-1.3.5-windows-aarch64-b098db96ecef.7z 4f616350eed9b0535fa6a8bee36c29ef8b210951b0957b9edc0540d7f3360758
ogg 1.3.5 windows x86_64 ogg-1.3.5-windows-x86_64-9e85e224e94d.7z d16d1f6b9f378a613016b59d9900a7a59397fba328a8ca7229a206a8ef47320c
opus 1.5.2 linux aarch64 opus-1.5.2-linux-aarch64-9d8549aec55b.7z 449c78c3a9d680b577d8f2b99efa51904aec147022a5021364491c741dc0e700
opus 1.5.2 linux x86_64 opus-1.5.2-linux-x86_64-e1f575e1f228.7z 18d22629d068a323db5fee2f220ce909def65901942565c8253c5c390d80c678
opus 1.5.2 macos universal opus-1.5.2-macos-universal-4bcc0c038205.7z cdb0786cbee1b6e76fbfdeb0022d326ffa792304ccd90715dd6adaab223df828
opus 1.5.2 windows aarch64 opus-1.5.2-windows-aarch64-cade8da77bc0.7z e82ccfa422614ea4857c48a09f2284fa6de42330269f2e06f64a8bd4288ce976
opus 1.5.2 windows x86_64 opus-1.5.2-windows-x86_64-e78445cc3f69.7z 63abe9df47c171d890754be5d81a40ebcabc9c8bf0eb3eace2efa95ee542e9a9
opusfile 0.12 linux aarch64 opusfile-0.12-linux-aarch64-e6235d636528.7z 9640e523505a562d7a81d5632f21940ae1fad3523b9b46716cb45e8c853824bc
opusfile 0.12 linux x86_64 opusfile-0.12-linux-x86_64-6be92f97428e.7z 7122ddeca987442ae306c562d1c55344f29ab991d01e522d6801d020b6daeda7
opusfile 0.12 macos universal opusfile-0.12-macos-universal-a51725b13e72.7z 3eda0b47428d5687ef76ba5318d90210083aae6f68b1273e59ace6cdfc84dfa9
opusfile 0.12 windows aarch64 opusfile-0.12-windows-aarch64-070c1ca90131.7z 723a2b2a03b279c5370affb15b48691422f294afeb0e372a0f8bd7c315d6a929
opusfile 0.12 windows x86_64 opusfile-0.12-windows-x86_64-f0973da7dbbc.7z 075d291a8b7b219c31d86843ce1f4d4b3a33925d496b303205f0f7436b0a945a
portaudio 19.7.0 linux aarch64 portaudio-19.7.0-linux-aarch64-2d4045302e5a.7z f445f275a3718bdff71744fab4d24ee2e4e5c39c2f84ab0bdbc55943c05499fd
portaudio 19.7.0 linux x86_64 portaudio-19.7.0-linux-x86_64-b1c6fcc153e9.7z df633f9a72621b1affb58440d84bd97c63efb541a4dc7b6e80eb1205487c2cc6
portaudio 19.7.0 macos universal portaudio-19.7.0-macos-universal-10aff1e30abe.7z e56309aa957dc1a32ff96efe58b2b25deb6730d4af26629acfe22f9ff4e3fb9a
portaudio 19.7.0 windows aarch64 portaudio-19.7.0-windows-aarch64-a095d2d8e903.7z 8efc9fad2c0675d88729a84e656b5046a40faf2330dc5eb8f3dc4066ed99ea0b
portaudio 19.7.0 windows x86_64 portaudio-19.7.0-windows-x86_64-7b3c6caed655.7z 1f34f690b842b38a89fa6efcbacddab39ac3989771cfd300db7ca3dfbe08f922
vorbis 1.3.7 linux aarch64 vorbis-1.3.7-linux-aarch64-f25bbb776b03.7z 85cf42140d2b8486e8d3c56a8b4798623c37a3ed6f281c7f7f22e8f35a4cf1de
vorbis 1.3.7 linux x86_64 vorbis-1.3.7-linux-x86_64-ce454d679c83.7z 96bd24d7b7823f99d22447f688a0fe56231c02f8519d5ba51aab71bf8fa4277d
vorbis 1.3.7 macos universal vorbis-1.3.7-macos-universal-48ab7a94c0f5.7z 3b64ae6688e8ea3483492ed19f23b1f1444757ba92c30afcf0d6ca94c3c0fbaf
vorbis 1.3.7 windows aarch64 vorbis-1.3.7-windows-aarch64-2b226639b46d.7z 2fad16e55a32e1a7956f8dc6e7e3d134a98efc834221be65b910143ab2bb9a6f
vorbis 1.3.7 windows x86_64 vorbis-1.3.7-windows-x86_64-440bed706d6e.7z 110521534f5d02f3f966e6de2d64a6f64a7ec64e618291645dd1d6afd4a70ee2
wavpack 5.7.0 linux aarch64 wavpack-5.7.0-linux-aarch64-e647b8294bbc.7z 4fee6ca2fd4032739666ce09bba3dfbed1c47072ea251b8afd4e58b1ed0b48f2
wavpack 5.7.0 linux x86_64 wavpack-5.7.0-linux-x86_64-5481d352480d.7z 6ea5f4caaf1a276b5ba6ce35088654a70f3139602c0d560621d467c69a20fe33
wavpack 5.7.0 macos universal wavpack-5.7.0-macos-universal-45dcecc05c43.7z 1d4d8d08053f492f634d490fbe82c98ef2badd8b8b277b9a290bda2ee27ff042
wavpack 5.7.0 windows aarch64 wavpack-5.7.0-windows-aarch64-f7970f884133.7z 8c7412d49c260c58bcb3b91760ccbca53aee0547edbfb44a6dd25e2a0ab6a740
wavpack 5.7.0 windows x86_64 wavpack-5.7.0-windows-x86_64-08bff08e7f33.7z 4635fc676d81c706d5a57af3cb41bbb84e62a2854d9d2d09c15d247c6c0ba9e6
wxwidgets 3.2.6 linux aarch64 wxwidgets-3.2.6-linux-aarch64-1239f3170bdc.7z 101cac39295b1110381ddad5def14657a936df1e11fe0e768d9dd6a1b73e1cee
wxwidgets 3.2.6 linux x86_64 wxwidgets-3.2.6-linux-x86_64-4de9e198792e.7z f5a4e19b50f3ab4d435db1b72917812e04cb35abe85c9e93d007d127f258f27d
wxwidgets 3.2.6 macos universal wxwidgets-3.2.6-macos-universal-b16141fa3642.7z caa1d7380a53319b3fa088b6f6889b0148c7a34e7a7053ca1bd56c2080d30313
wxwidgets 3.2.6 windows aarch64 wxwidgets-3.2.6-windows-aarch64-827eaf006009.7z 1a95eccc0330584881ce77fefa5abb2231407efc289cc57930c40f9908783773
wxwidgets 3.2.6 windows x86_64 wxwidgets-3.2.6-windows-x86_64-a7aebdeee8c3.7z fb690ac37c67cd3cd9ebfcb5207ae278387d9401d31caff243bcafcb5e8be6e6
zlib 1.3.1 linux aarch64 zlib-1.3.1-linux-aarch64-80839c3bd0ab.7z 83d5e9e5b3b86703313d2813f76e06510a82374c99799992b6aea8e56dd5365b
zlib 1.3.1 linux x86_64 zlib-1.3.1-linux-x86_64-2d225cdd4fdb.7z f5088c4049718b6be3a6f42ac0a8c3cf87936b430c2ab0125fea2331c6fcc0f3
zlib 1.3.1 macos universal zlib-1.3.1-macos-universal-7b3a2f5f4f2c.7z 28e4bd82df1c2abaa20ec7fc7c8d49edaec86ca3e5eb57bca82e693b76bcaeb0
zlib 1.3.1 windows aarch64 zlib-1.3.1-windows-aarch64-a86371f69c15.7z 99a435d546f347d196ca0f7019308bcf0c30d4a7a4cb13e0b839d3efe57a534e
zlib 1.3.1 windows x86_64 zlib-1.3.1-windows-x86_64-e1aa7706b9dc.7z 8f362568868dd43874d56874e2761d09024954ca5d375694c6b795bb6d88d24c
