expat 2.7.1 linux aarch64 expat-2.7.1-linux-aarch64-5502357ff9bd.7z ba33c97ffef0617b98acf7ef53481ea5a0cf22425417f2a53f358372db0a0918 deps-20260612-150921
expat 2.7.1 linux x86_64 expat-2.7.1-linux-x86_64-f02df734b38d.7z 7f73f9ceca376085a58f331ae74a931ab88fbd66730eca997347535189c3b4d8 deps-20260612-150921
expat 2.7.1 macos universal expat-2.7.1-macos-universal-a600e7efee39.7z de3ab80dc6123baba4de3ab918b87c897dafe35da1f3a4d713bc4a5c062b736a deps-20260612-150921
expat 2.7.1 windows aarch64 expat-2.7.1-windows-aarch64-441af6321b99.7z 920df620d9875c4f6a7f61b7d4e8b4b38fecc50f452e5a345114718b817c9a4d deps-20260612-150921
expat 2.7.1 windows x86_64 expat-2.7.1-windows-x86_64-4f513d5c862c.7z e4f396017ae9db42348370f8dba98a4cb4f3d188d49f1b4dda4b7d6102fb60c0 deps-20260612-150921
fdk-aac 2.0.3 linux aarch64 fdk-aac-2.0.3-linux-aarch64-226319cc8525.7z 76570e2b55dc59ca34783ecf6e8619bdece3ec13d4f3d8582baa91694d66f434 deps-20260612-150921
fdk-aac 2.0.3 linux x86_64 fdk-aac-2.0.3-linux-x86_64-426d7f40a5e2.7z e6272d01425bd1c1b3fb500e4cc294e9850710cb33deda69f306f7bd2545f0ea deps-20260612-150921
fdk-aac 2.0.3 macos universal fdk-aac-2.0.3-macos-universal-6b3757b47d60.7z b9d3ff163e760f353831acb54a21cf0d3811c997d75ef4b9add8de44bc929375 deps-20260612-150921
fdk-aac 2.0.3 windows aarch64 fdk-aac-2.0.3-windows-aarch64-378d023614b9.7z c77f950d06a00e38877a215e84b31c0683473957f6a74775c8ec492a9e7c1ce7 deps-20260612-150921
fdk-aac 2.0.3 windows x86_64 fdk-aac-2.0.3-windows-x86_64-6fee17449263.7z cebebfed1d43ecbe63da2a38f5eb789d46090a3cd39fccc692f5910747b2c3fe deps-20260612-150921
flac 1.4.3 linux aarch64 flac-1.4.3-linux-aarch64-24062cf9ed79.7z 4247ae2cf6848248a1f76907085563116fbc553504302880b132b271f429d20e deps-20260612-150921
flac 1.4.3 linux x86_64 flac-1.4.3-linux-x86_64-b56ca6f6d537.7z 5032a410efce67f572a596bf195a1ace8454d815766015921956fd2ff531ccb7 deps-20260612-150921
flac 1.4.3 macos universal flac-1.4.3-macos-universal-49f32dc1489d.7z 81692c418b4c7d656d3458d0dcbfbf7b1fe6e7a3f80544a38c496976360e8053 deps-20260612-150921
flac 1.4.3 windows aarch64 flac-1.4.3-windows-aarch64-f6899617325d.7z 7ef3ad2e26002e5b4a5b577b538231f1af5c0ff1f8dbd774b2a5bb42ca22e898 deps-20260612-150921
flac 1.4.3 windows x86_64 flac-1.4.3-windows-x86_64-a7bb580b494d.7z d5560b931cb4517b1f05c283f9d765ab74510f33479815b97edc0a7189c3db98 deps-20260612-150921
freetype 2.14.1 linux aarch64 freetype-2.14.1-linux-aarch64-f02c767b09df.7z cedb580f60401aa989471582e46dad3cb5858b6cca69d8023a8643217456c26f deps-20260612-150921
freetype 2.14.1 linux x86_64 freetype-2.14.1-linux-x86_64-b70ff99ea7f2.7z 742a5964fa8b107d7cd107548bbea3004d328b38b3d7761b1993f7658a5fe167 deps-20260612-150921
freetype 2.14.1 macos universal freetype-2.14.1-macos-universal-d17bbdfa0732.7z a159c6fb0888d058a7881aae3c3627233db31f9cbccac755e44f833397fc06d5 deps-20260612-150921
freetype 2.14.1 windows aarch64 freetype-2.14.1-windows-aarch64-e8bebffb5156.7z 45a38ab2be5c1c519d7c6b628dbba3fed68622ef91b633563afd45e20ab2b534 deps-20260612-150921
freetype 2.14.1 windows x86_64 freetype-2.14.1-windows-x86_64-68ceea410583.7z 7c663c0e6ada63a7c4a27666819fb6c181d5f662634c5f0eb4425741a7666cf5 deps-20260612-150921
harfbuzz 12.3.0 linux aarch64 harfbuzz-12.3.0-linux-aarch64-09bc3381e6e7.7z 2b1a1a8e60fed277253869faada59e99af3fc83b8533100ac0f20cac6f4f4426 deps-20260612-150921
harfbuzz 12.3.0 linux x86_64 harfbuzz-12.3.0-linux-x86_64-1e6cc912650c.7z 2dd65ad42fefabc0974560c834b808dafffe95a725ab630ebe4e9ca83ac6f7f3 deps-20260612-150921
harfbuzz 12.3.0 macos universal harfbuzz-12.3.0-macos-universal-f6fc9d7b5293.7z e4661205bb1ab77c3d15b8ea3576dbd6fe3e8c1fdf0d0efb022a296204250774 deps-20260612-150921
harfbuzz 12.3.0 windows aarch64 harfbuzz-12.3.0-windows-aarch64-c5ceb1555ae7.7z 1d85c053e5fb0d9d1bf0e3c513c0ade78bcf497b28ad891d86aadabe334b55c0 deps-20260612-150921
harfbuzz 12.3.0 windows x86_64 harfbuzz-12.3.0-windows-x86_64-d826dda24e6a.7z 957c4155246713a0698fb2c0a018160e11ea85902a6a904f58d3f934e80a4f08 deps-20260612-150921
libmp3lame 3.100 linux aarch64 libmp3lame-3.100-linux-aarch64-0274c8037339.7z bf75991d13920e73ef1003ec14fd5d2559e421b61d6648e1afec3fa0f084ca9d deps-20260612-150921
libmp3lame 3.100 linux x86_64 libmp3lame-3.100-linux-x86_64-ac49b7a20ae1.7z 0253ffac0e213a25df2be475f41b749cd92ac0c4ab8436343354b67cf3dc0cdf deps-20260612-150921
libmp3lame 3.100 macos universal libmp3lame-3.100-macos-universal-75b351ef205a.7z 812d8edcae1724f97bb9b71ce4e534eaa0232f51877f54283cefa2a904a8d921 deps-20260612-150921
libmp3lame 3.100 windows aarch64 libmp3lame-3.100-windows-aarch64-88c879be5ce5.7z dd758d6c2181fe1e782efe171b2a3278ea6ac9e159d23d09cb8e6d95135e8333 deps-20260612-150921
libmp3lame 3.100 windows x86_64 libmp3lame-3.100-windows-x86_64-9c6e24d26879.7z 814e573bddf8812521666d7439f84fd9d5b1c8de769720e1b88fca17f309dbb3 deps-20260612-150921
libsndfile 1.2.2 linux aarch64 libsndfile-1.2.2-linux-aarch64-dc370c6a7bc0.7z 3c77e40109e5563f9f09c0b86814484c78facdc2783851e3abf8975054892378 deps-20260612-150921
libsndfile 1.2.2 linux x86_64 libsndfile-1.2.2-linux-x86_64-50bb3aaab6a9.7z 8dec11ff48614aaa5f91f51876a808fe8a907886d8bdba8fb54f8a544a2205c3 deps-20260612-150921
libsndfile 1.2.2 macos universal libsndfile-1.2.2-macos-universal-8fc3e262e8f1.7z 7e7f96ffd1eef53047554a8168afe80c25d7bee1dca6a4baa6eb3c1c02b919b8 deps-20260612-150921
libsndfile 1.2.2 windows aarch64 libsndfile-1.2.2-windows-aarch64-f3da4bebfa52.7z 2573b95c228e93b5f95d0847e91ede92116ec4eb9ad7a371c595585cee92cfcf deps-20260612-150921
libsndfile 1.2.2 windows x86_64 libsndfile-1.2.2-windows-x86_64-5b2311230689.7z 3b14d17c74737cdec39aa978877b139fa9250d388b29b791c4cd78eca5b0fb1c deps-20260612-150921
mpg123 1.32.10 linux aarch64 mpg123-1.32.10-linux-aarch64-d5c24935ab21.7z 55c6581797c5d941b9e4bfcfee12fa4ccacf52492cf7391abd098156f4a412de deps-20260612-150921
mpg123 1.32.10 linux x86_64 mpg123-1.32.10-linux-x86_64-fa7f41cd1bfb.7z 55bedea285ddb60cf95f86b7583bdb8af7645143df0190c04347d27bb1a60853 deps-20260612-150921
mpg123 1.32.10 macos universal mpg123-1.32.10-macos-universal-5b8b422f0ebc.7z 735e025e058dbed1607866a9728d689cbe4c0b2af82a2af3a1df9648a34e3050 deps-20260612-150921
mpg123 1.32.10 windows aarch64 mpg123-1.32.10-windows-aarch64-986fbbc224ae.7z 8a4e652d42fc05d154ab6a6d1583642226794fb039c1a53f35ead61c44750d59 deps-20260612-150921
mpg123 1.32.10 windows x86_64 mpg123-1.32.10-windows-x86_64-61e1ef7e4e26.7z c991ccd7bf2a47fff9d250a53b13af43ef2a5c81c580e67e901b21c34ac97f1a deps-20260612-150921
ogg 1.3.5 linux aarch64 ogg-1.3.5-linux-aarch64-94f4a158d9c4.7z 35cbc062a822aa4d0fb391b9b5997d46feb53c1b50b7e78e85d2b8283fbc7de4 deps-20260612-150921
ogg 1.3.5 linux x86_64 ogg-1.3.5-linux-x86_64-327d17d0c5bf.7z 6c8c9649a720cdbd173ced15105fe1c8b2ac84a5aa4cd05da11b15676791e053 deps-20260612-150921
ogg 1.3.5 macos universal ogg-1.3.5-macos-universal-5b1cb2bfdb41.7z 63dc46958f262644c935f129adee2f991c2a1ddc023fb592fa43b87885ced3a3 deps-20260612-150921
ogg 1.3.5 windows aarch64 ogg-1.3.5-windows-aarch64-d18161595f8d.7z 379283672f0cac537941681e1f34ad28517f561bcca921b307310c5743a494ba deps-20260612-150921
ogg 1.3.5 windows x86_64 ogg-1.3.5-windows-x86_64-18b703f17bd7.7z 989c93258bb68026e07bfad91aa16072786f9be0d17a281a36e521c1ea8e3cb4 deps-20260612-150921
opus 1.5.2 linux aarch64 opus-1.5.2-linux-aarch64-6f9af26e3ff6.7z 381c59cab6184c0a7aa94e51d9a2fb255762aae25cf1a7020bda1fb96ba05910 deps-20260612-150921
opus 1.5.2 linux x86_64 opus-1.5.2-linux-x86_64-43a7dd1cb817.7z 3806bdc0f10888756d5c7a69de9c84dd90bb72895653bef15c127cd01017d138 deps-20260612-150921
opus 1.5.2 macos universal opus-1.5.2-macos-universal-5953e25fa28f.7z 7b4aba0dc6967d2b75456f777ec9b75cf6c74eea94beec38ce107c6cebde262e deps-20260612-150921
opus 1.5.2 windows aarch64 opus-1.5.2-windows-aarch64-4f4585b5e00b.7z 71b0d9c3245bfbb481c0035f67f0b128fdc8cb0a6b29a0dc6ce60f3dbb28a38b deps-20260612-150921
opus 1.5.2 windows x86_64 opus-1.5.2-windows-x86_64-a5f9e0424569.7z 96bf3cbc21d0a080d2af1e28d39be40bbf71826952179ca911b71cf7a453cea7 deps-20260612-150921
opusfile 0.12 linux aarch64 opusfile-0.12-linux-aarch64-f6dc876b561b.7z b20692e533f229f5c136b11df0212fcdaf4c4cf2c6aaa876304928517fe48da8 deps-20260612-150921
opusfile 0.12 linux x86_64 opusfile-0.12-linux-x86_64-81a2fe05921f.7z 9fc20339bb038fee90371bc681e225974c3195365d32c440474de64593d70015 deps-20260612-150921
opusfile 0.12 macos universal opusfile-0.12-macos-universal-140f8a4510fa.7z 521e91a1419397bdf2ad18942ac9f226a865dc73aa5fb3c9f0441ac53cddabb6 deps-20260612-150921
opusfile 0.12 windows aarch64 opusfile-0.12-windows-aarch64-d6096d686ad3.7z 83fcba5825ae1bcef95fae0663fa9c63b8f426acaa213d0bb2009b226248ece4 deps-20260612-150921
opusfile 0.12 windows x86_64 opusfile-0.12-windows-x86_64-24e421b5567d.7z 8890d979b2b4b62ebb3277ffa3d06dd4b0dcc36cee21ac6ebf2dd8a4b33603d5 deps-20260612-150921
portaudio 19.7.0 linux aarch64 portaudio-19.7.0-linux-aarch64-20e394b5f371.7z 327fd301986a9f964cbed4b609f849be8f7b95ea2a40146ae18ab5df8db18df0 deps-20260612-150921
portaudio 19.7.0 linux x86_64 portaudio-19.7.0-linux-x86_64-3b285a251f41.7z 6cd2fb329b0381cc8bf715bfeea12bbc68931b253439fcfbd49339804fd250c6 deps-20260612-150921
portaudio 19.7.0 macos universal portaudio-19.7.0-macos-universal-ddc904401f1e.7z 99ef702eed6856b87cefa5971e825be45196aa9456af1b69cab95c93ebbf21a6 deps-20260612-150921
portaudio 19.7.0 windows aarch64 portaudio-19.7.0-windows-aarch64-aa514d1972c7.7z 1dc3868cb6bb03a637bde47077170b6635502ee581c22026c8f931d04f161bd6 deps-20260612-150921
portaudio 19.7.0 windows x86_64 portaudio-19.7.0-windows-x86_64-027924ef0baa.7z e8677dd3e2467d56cb48f5921d5b08615f729c4f93930e3b83732eba5989feb2 deps-20260612-150921
vorbis 1.3.7 linux aarch64 vorbis-1.3.7-linux-aarch64-b22ab52587f1.7z 7694cc323b58bcf2b9c2973ff24909cc989168cd9fae3d651203399ca69c1d9e deps-20260612-150921
vorbis 1.3.7 linux x86_64 vorbis-1.3.7-linux-x86_64-3ed9209bc720.7z 6dcc5f1fe527b005de19f278e8bd86a1fb89602cdaa9ce094d7afdbb39533469 deps-20260612-150921
vorbis 1.3.7 macos universal vorbis-1.3.7-macos-universal-95eba9ceaa56.7z d7cfdd53f5967649d154b7b6e6570270b2b2958379f9ba5f66671ebd10b759ea deps-20260612-150921
vorbis 1.3.7 windows aarch64 vorbis-1.3.7-windows-aarch64-6be07d094c99.7z 1f263a803e0fb3f4b8bcb5afe7cebec93c4ca5b46be46f21a30bee941eab128f deps-20260612-150921
vorbis 1.3.7 windows x86_64 vorbis-1.3.7-windows-x86_64-e40e6897303f.7z f550e9a7a36aa9b4a361879ddfe7eb4c8e2d37c1caee19db1339a2d501af317e deps-20260612-150921
wavpack 5.7.0 linux aarch64 wavpack-5.7.0-linux-aarch64-46049878f8e7.7z 3e24856e700c604e97c9458da9884a47f05a12e31051360ba9515c8cb32cf377 deps-20260612-150921
wavpack 5.7.0 linux x86_64 wavpack-5.7.0-linux-x86_64-593fc0e38f8c.7z 5d755d8fa537adfd0caeb063afb190182698e2f472ff1cc7cf6addd10c2df376 deps-20260612-150921
wavpack 5.7.0 macos universal wavpack-5.7.0-macos-universal-2570c0813e9c.7z 7d562f1e98aecd7babf5bea460b36a3fe76cfc70c85a2eff32ca77fe0cccfeeb deps-20260612-150921
wavpack 5.7.0 windows aarch64 wavpack-5.7.0-windows-aarch64-be5abf089b0f.7z 43047f6bcaf990d7b874736ef7d449b6e14e0b68ae56ed73adbd3d4134bc613e deps-20260612-150921
wavpack 5.7.0 windows x86_64 wavpack-5.7.0-windows-x86_64-f7da31d7bb5e.7z 3bdf9c022d9508b0993f06f7a1cf8c9fa105518ac4e07171b1d679e46a90d95c deps-20260612-150921
wxwidgets 3.2.6 linux aarch64 wxwidgets-3.2.6-linux-aarch64-8291aa7d869d.7z 41af6d6c2ab24a5ccd1572afe41411dcfc102090b55b84d057e118bac332249c deps-20260612-150921
wxwidgets 3.2.6 linux x86_64 wxwidgets-3.2.6-linux-x86_64-80971f5872fb.7z 9d564ebf037d21fc5cf89c0137531c54be1ec215686a4241028cf381465767f7 deps-20260612-150921
wxwidgets 3.2.6 macos universal wxwidgets-3.2.6-macos-universal-7e6e8d749b5f.7z 2aafa1ab73bdb1c227fc87220c3ee644d6937edd07e628903988d892538c04f5 deps-20260612-150921
wxwidgets 3.2.6 windows aarch64 wxwidgets-3.2.6-windows-aarch64-a381f0111097.7z 23245ddc65802aabb171fa6de981013a49df9a22d7e30a681e304891e221a920 deps-20260612-150921
wxwidgets 3.2.6 windows x86_64 wxwidgets-3.2.6-windows-x86_64-f47b29a42166.7z 1e370ac8a9fd605009e4ced0f048f5e4012a942240653a5b535d59730ff56ba9 deps-20260612-150921
zlib 1.3.1 linux aarch64 zlib-1.3.1-linux-aarch64-eaed650aa4a2.7z d395c2ce90aebc9dc43871cd1281bd79baf151938211c7a93cf9b864e2173998 deps-20260612-150921
zlib 1.3.1 linux x86_64 zlib-1.3.1-linux-x86_64-01c64fdff3ad.7z 496a9b0ae59dca3947ed20f8a18ca1ae43f53ceefa9922dde74eeb320afd8d63 deps-20260612-150921
zlib 1.3.1 macos universal zlib-1.3.1-macos-universal-760999de3fb6.7z 881dfcefd43044a37752698a6509eb5b107f5b12afc463ebadb0115bb7dd3a5b deps-20260612-150921
zlib 1.3.1 windows aarch64 zlib-1.3.1-windows-aarch64-974c0125379e.7z 3edd1d26c290c872556b4307640ce2b9d2803243352da887000cc598f94f9246 deps-20260612-150921
zlib 1.3.1 windows x86_64 zlib-1.3.1-windows-x86_64-d53c5a0ec9c3.7z 03fae8edffbfd992f4f650d4aa517e819d77b34f5f6f4ccb0ece485ccf4b9706 deps-20260612-150921
